// !$*UTF8*$!
{
	archiveVersion = 1;
	classes = {
	};
	objectVersion = 46;
	objects = {

/* Begin PBXBuildFile section */
		1D3623260D0F684500981E51 /* ScalingScrollViewAppDelegate.m in Sources */ = {isa = PBXBuildFile; fileRef = 1D3623250D0F684500981E51 /* ScalingScrollViewAppDelegate.m */; };
		1D60589B0D05DD56006BFB54 /* main.m in Sources */ = {isa = PBXBuildFile; fileRef = 29B97316FDCFA39411CA2CEA /* main.m */; };
		1D60589F0D05DD5A006BFB54 /* Foundation.framework in Frameworks */ = {isa = PBXBuildFile; fileRef = 1D30AB110D05D00D00671497 /* Foundation.framework */; };
		1DF5F4E00D08C38300B7A737 /* UIKit.framework in Frameworks */ = {isa = PBXBuildFile; fileRef = 1DF5F4DF0D08C38300B7A737 /* UIKit.framework */; };
		288765A50DF7441C002DB57D /* CoreGraphics.framework in Frameworks */ = {isa = PBXBuildFile; fileRef = 288765A40DF7441C002DB57D /* CoreGraphics.framework */; };
		2899E5220DE3E06400AC0155 /* ScalingScrollViewViewController.xib in Resources */ = {isa = PBXBuildFile; fileRef = 2899E5210DE3E06400AC0155 /* ScalingScrollViewViewController.xib */; };
		28AD733F0D9D9553002E5188 /* MainWindow.xib in Resources */ = {isa = PBXBuildFile; fileRef = 28AD733E0D9D9553002E5188 /* MainWindow.xib */; };
		28D7ACF80DDB3853001CB0EB /* ScalingScrollViewViewController.m in Sources */ = {isa = PBXBuildFile; fileRef = 28D7ACF70DDB3853001CB0EB /* ScalingScrollViewViewController.m */; };
		340FC3221199B8FD00D16C6A /* libz.dylib in Frameworks */ = {isa = PBXBuildFile; fileRef = 340FC3211199B8FD00D16C6A /* libz.dylib */; };
		340FC3241199B90100D16C6A /* MobileCoreServices.framework in Frameworks */ = {isa = PBXBuildFile; fileRef = 340FC3231199B90100D16C6A /* MobileCoreServices.framework */; };
		340FC3271199B90600D16C6A /* MessageUI.framework in Frameworks */ = {isa = PBXBuildFile; fileRef = 340FC3261199B90600D16C6A /* MessageUI.framework */; };
		34404B32116FEAB400865DB8 /* QuartzCore.framework in Frameworks */ = {isa = PBXBuildFile; fileRef = 34404B31116FEAB400865DB8 /* QuartzCore.framework */; };
		34404B46116FEC6800865DB8 /* ScalingView.m in Sources */ = {isa = PBXBuildFile; fileRef = 34404B45116FEC6800865DB8 /* ScalingView.m */; };
		34ED74AB1199B8960023E017 /* libOmniUI.a in Frameworks */ = {isa = PBXBuildFile; fileRef = 34ED746F1199B73C0023E017 /* libOmniUI.a */; };
		34ED74AC1199B8980023E017 /* libOmniAppKit.a in Frameworks */ = {isa = PBXBuildFile; fileRef = 34ED749B1199B8570023E017 /* libOmniAppKit.a */; };
		34ED74AD1199B89B0023E017 /* libOmniQuartz.a in Frameworks */ = {isa = PBXBuildFile; fileRef = 34ED74661199B72F0023E017 /* libOmniQuartz.a */; };
		34ED74AE1199B89E0023E017 /* libOmniFoundation.a in Frameworks */ = {isa = PBXBuildFile; fileRef = 34ED744C1199B7240023E017 /* libOmniFoundation.a */; };
		34ED74AF1199B8A00023E017 /* libOmniBase.a in Frameworks */ = {isa = PBXBuildFile; fileRef = 34ED74361199B7110023E017 /* libOmniBase.a */; };
		34ED74B31199B8AE0023E017 /* CoreText.framework in Frameworks */ = {isa = PBXBuildFile; fileRef = 34ED74B21199B8AE0023E017 /* CoreText.framework */; };
		34ED74B61199B8B40023E017 /* libxml2.dylib in Frameworks */ = {isa = PBXBuildFile; fileRef = 34ED74B51199B8B40023E017 /* libxml2.dylib */; };
/* End PBXBuildFile section */

/* Begin PBXContainerItemProxy section */
		34ED74331199B7110023E017 /* PBXContainerItemProxy */ = {
			isa = PBXContainerItemProxy;
			containerPortal = 34ED742A1199B7110023E017 /* OmniBase.xcodeproj */;
			proxyType = 2;
			remoteGlobalIDString = 4A33D42808A0191B003A3FA5;
			remoteInfo = OmniBase;
		};
		34ED74351199B7110023E017 /* PBXContainerItemProxy */ = {
			isa = PBXContainerItemProxy;
			containerPortal = 34ED742A1199B7110023E017 /* OmniBase.xcodeproj */;
			proxyType = 2;
			remoteGlobalIDString = 342163B211907BF600C06E45;
			remoteInfo = OmniBaseTouch;
		};
		34ED74371199B7110023E017 /* PBXContainerItemProxy */ = {
			isa = PBXContainerItemProxy;
			containerPortal = 34ED742A1199B7110023E017 /* OmniBase.xcodeproj */;
			proxyType = 2;
			remoteGlobalIDString = 34778CD211810BE700EC28C1;
			remoteInfo = OBLoadBundle;
		};
		34ED74491199B7240023E017 /* PBXContainerItemProxy */ = {
			isa = PBXContainerItemProxy;
			containerPortal = 34ED74391199B7240023E017 /* OmniFoundation.xcodeproj */;
			proxyType = 2;
			remoteGlobalIDString = 4A4E075308AA72B10098FF0F;
			remoteInfo = OmniFoundation;
		};
		34ED744B1199B7240023E017 /* PBXContainerItemProxy */ = {
			isa = PBXContainerItemProxy;
			containerPortal = 34ED74391199B7240023E017 /* OmniFoundation.xcodeproj */;
			proxyType = 2;
			remoteGlobalIDString = 344D08BA1190D47300264D89;
			remoteInfo = OmniFoundationTouch;
		};
		34ED744D1199B7240023E017 /* PBXContainerItemProxy */ = {
			isa = PBXContainerItemProxy;
			containerPortal = 34ED74391199B7240023E017 /* OmniFoundation.xcodeproj */;
			proxyType = 2;
			remoteGlobalIDString = 4A4E07CF08AA72B10098FF0F;
			remoteInfo = OFUnitTests;
		};
		34ED744F1199B7240023E017 /* PBXContainerItemProxy */ = {
			isa = PBXContainerItemProxy;
			containerPortal = 34ED74391199B7240023E017 /* OmniFoundation.xcodeproj */;
			proxyType = 2;
			remoteGlobalIDString = 4A4E077408AA72B10098FF0F;
			remoteInfo = OFSimpleLockTest;
		};
		34ED74511199B7240023E017 /* PBXContainerItemProxy */ = {
			isa = PBXContainerItemProxy;
			containerPortal = 34ED74391199B7240023E017 /* OmniFoundation.xcodeproj */;
			proxyType = 2;
			remoteGlobalIDString = 4A4E079608AA72B10098FF0F;
			remoteInfo = OFDedicatedThreadSchedulerTest;
		};
		34ED74531199B7240023E017 /* PBXContainerItemProxy */ = {
			isa = PBXContainerItemProxy;
			containerPortal = 34ED74391199B7240023E017 /* OmniFoundation.xcodeproj */;
			proxyType = 2;
			remoteGlobalIDString = 4A4E07A608AA72B10098FF0F;
			remoteInfo = OFClobberDetectionZoneTest;
		};
		34ED74551199B7240023E017 /* PBXContainerItemProxy */ = {
			isa = PBXContainerItemProxy;
			containerPortal = 34ED74391199B7240023E017 /* OmniFoundation.xcodeproj */;
			proxyType = 2;
			remoteGlobalIDString = 4A4E07DF08AA72B10098FF0F;
			remoteInfo = OFMainThreadLockTest;
		};
		34ED74571199B7240023E017 /* PBXContainerItemProxy */ = {
			isa = PBXContainerItemProxy;
			containerPortal = 34ED74391199B7240023E017 /* OmniFoundation.xcodeproj */;
			proxyType = 2;
			remoteGlobalIDString = 345069110D747ED4004B40C2;
			remoteInfo = OFCrashOnExceptionTest;
		};
		34ED74591199B7240023E017 /* PBXContainerItemProxy */ = {
			isa = PBXContainerItemProxy;
			containerPortal = 34ED74391199B7240023E017 /* OmniFoundation.xcodeproj */;
			proxyType = 2;
			remoteGlobalIDString = 343B36341034F68F0006290A;
			remoteInfo = OFRandomRepeatTest;
		};
		34ED74631199B72F0023E017 /* PBXContainerItemProxy */ = {
			isa = PBXContainerItemProxy;
			containerPortal = 34ED745B1199B72F0023E017 /* OmniQuartz.xcodeproj */;
			proxyType = 2;
			remoteGlobalIDString = 8DC2EF5B0486A6940098B216;
			remoteInfo = OmniQuartz;
		};
		34ED74651199B72F0023E017 /* PBXContainerItemProxy */ = {
			isa = PBXContainerItemProxy;
			containerPortal = 34ED745B1199B72F0023E017 /* OmniQuartz.xcodeproj */;
			proxyType = 2;
			remoteGlobalIDString = 345613D41193197700E7D187;
			remoteInfo = OmniQuartzTouch;
		};
		34ED746E1199B73C0023E017 /* PBXContainerItemProxy */ = {
			isa = PBXContainerItemProxy;
			containerPortal = 34ED74671199B73C0023E017 /* OmniUI.xcodeproj */;
			proxyType = 2;
			remoteGlobalIDString = D2AAC07E0554694100DB518D;
			remoteInfo = OmniUITouch;
		};
		34ED747C1199B7FA0023E017 /* PBXContainerItemProxy */ = {
			isa = PBXContainerItemProxy;
			containerPortal = 34ED74671199B73C0023E017 /* OmniUI.xcodeproj */;
			proxyType = 1;
			remoteGlobalIDString = D2AAC07D0554694100DB518D;
			remoteInfo = OmniUITouch;
		};
		34ED747E1199B7FA0023E017 /* PBXContainerItemProxy */ = {
			isa = PBXContainerItemProxy;
			containerPortal = 34ED74391199B7240023E017 /* OmniFoundation.xcodeproj */;
			proxyType = 1;
			remoteGlobalIDString = 344D08B91190D47300264D89;
			remoteInfo = OmniFoundationTouch;
		};
		34ED74801199B7FA0023E017 /* PBXContainerItemProxy */ = {
			isa = PBXContainerItemProxy;
			containerPortal = 34ED745B1199B72F0023E017 /* OmniQuartz.xcodeproj */;
			proxyType = 1;
			remoteGlobalIDString = 345613D31193197700E7D187;
			remoteInfo = OmniQuartzTouch;
		};
		34ED74821199B7FA0023E017 /* PBXContainerItemProxy */ = {
			isa = PBXContainerItemProxy;
			containerPortal = 34ED742A1199B7110023E017 /* OmniBase.xcodeproj */;
			proxyType = 1;
			remoteGlobalIDString = 342163B111907BF600C06E45;
			remoteInfo = OmniBaseTouch;
		};
		34ED74921199B8570023E017 /* PBXContainerItemProxy */ = {
			isa = PBXContainerItemProxy;
			containerPortal = 34ED74861199B8560023E017 /* OmniAppKit.xcodeproj */;
			proxyType = 2;
			remoteGlobalIDString = 4AA1E7F908AA764600E2FF6B;
			remoteInfo = "OmniAppKit (Framework)";
		};
		34ED74941199B8570023E017 /* PBXContainerItemProxy */ = {
			isa = PBXContainerItemProxy;
			containerPortal = 34ED74861199B8560023E017 /* OmniAppKit.xcodeproj */;
			proxyType = 2;
			remoteGlobalIDString = 4AA1E81108AA764700E2FF6B;
			remoteInfo = OAUnitTests;
		};
		34ED74961199B8570023E017 /* PBXContainerItemProxy */ = {
			isa = PBXContainerItemProxy;
			containerPortal = 34ED74861199B8560023E017 /* OmniAppKit.xcodeproj */;
			proxyType = 2;
			remoteGlobalIDString = 4AA1E81E08AA764700E2FF6B;
			remoteInfo = OAMakeImageSizeIntegral;
		};
		34ED74981199B8570023E017 /* PBXContainerItemProxy */ = {
			isa = PBXContainerItemProxy;
			containerPortal = 34ED74861199B8560023E017 /* OmniAppKit.xcodeproj */;
			proxyType = 2;
			remoteGlobalIDString = 4AA1E82C08AA764700E2FF6B;
			remoteInfo = OAPatternColorPicker;
		};
		34ED749A1199B8570023E017 /* PBXContainerItemProxy */ = {
			isa = PBXContainerItemProxy;
			containerPortal = 34ED74861199B8560023E017 /* OmniAppKit.xcodeproj */;
			proxyType = 2;
			remoteGlobalIDString = 3434791511923B54007D0CE5;
			remoteInfo = OmniAppKitTouch;
		};
		34ED749C1199B8630023E017 /* PBXContainerItemProxy */ = {
			isa = PBXContainerItemProxy;
			containerPortal = 34ED74861199B8560023E017 /* OmniAppKit.xcodeproj */;
			proxyType = 1;
			remoteGlobalIDString = 3434791411923B54007D0CE5;
			remoteInfo = OmniAppKitTouch;
		};
/* End PBXContainerItemProxy section */

/* Begin PBXFileReference section */
		1D30AB110D05D00D00671497 /* Foundation.framework */ = {isa = PBXFileReference; lastKnownFileType = wrapper.framework; name = Foundation.framework; path = System/Library/Frameworks/Foundation.framework; sourceTree = SDKROOT; };
		1D3623240D0F684500981E51 /* ScalingScrollViewAppDelegate.h */ = {isa = PBXFileReference; fileEncoding = 4; lastKnownFileType = sourcecode.c.h; path = ScalingScrollViewAppDelegate.h; sourceTree = "<group>"; };
		1D3623250D0F684500981E51 /* ScalingScrollViewAppDelegate.m */ = {isa = PBXFileReference; fileEncoding = 4; lastKnownFileType = sourcecode.c.objc; path = ScalingScrollViewAppDelegate.m; sourceTree = "<group>"; };
		1D6058910D05DD3D006BFB54 /* ScalingScrollView.app */ = {isa = PBXFileReference; explicitFileType = wrapper.application; includeInIndex = 0; path = ScalingScrollView.app; sourceTree = BUILT_PRODUCTS_DIR; };
		1DF5F4DF0D08C38300B7A737 /* UIKit.framework */ = {isa = PBXFileReference; lastKnownFileType = wrapper.framework; name = UIKit.framework; path = System/Library/Frameworks/UIKit.framework; sourceTree = SDKROOT; };
		288765A40DF7441C002DB57D /* CoreGraphics.framework */ = {isa = PBXFileReference; lastKnownFileType = wrapper.framework; name = CoreGraphics.framework; path = System/Library/Frameworks/CoreGraphics.framework; sourceTree = SDKROOT; };
		2899E5210DE3E06400AC0155 /* ScalingScrollViewViewController.xib */ = {isa = PBXFileReference; lastKnownFileType = file.xib; path = ScalingScrollViewViewController.xib; sourceTree = "<group>"; };
		28AD733E0D9D9553002E5188 /* MainWindow.xib */ = {isa = PBXFileReference; lastKnownFileType = file.xib; path = MainWindow.xib; sourceTree = "<group>"; };
		28D7ACF60DDB3853001CB0EB /* ScalingScrollViewViewController.h */ = {isa = PBXFileReference; fileEncoding = 4; lastKnownFileType = sourcecode.c.h; path = ScalingScrollViewViewController.h; sourceTree = "<group>"; };
		28D7ACF70DDB3853001CB0EB /* ScalingScrollViewViewController.m */ = {isa = PBXFileReference; fileEncoding = 4; lastKnownFileType = sourcecode.c.objc; path = ScalingScrollViewViewController.m; sourceTree = "<group>"; };
		29B97316FDCFA39411CA2CEA /* main.m */ = {isa = PBXFileReference; fileEncoding = 4; lastKnownFileType = sourcecode.c.objc; path = main.m; sourceTree = "<group>"; };
		32CA4F630368D1EE00C91783 /* ScalingScrollView_Prefix.pch */ = {isa = PBXFileReference; fileEncoding = 4; lastKnownFileType = sourcecode.c.h; path = ScalingScrollView_Prefix.pch; sourceTree = "<group>"; };
		340FC3211199B8FD00D16C6A /* libz.dylib */ = {isa = PBXFileReference; lastKnownFileType = "compiled.mach-o.dylib"; name = libz.dylib; path = usr/lib/libz.dylib; sourceTree = SDKROOT; };
		340FC3231199B90100D16C6A /* MobileCoreServices.framework */ = {isa = PBXFileReference; lastKnownFileType = wrapper.framework; name = MobileCoreServices.framework; path = System/Library/Frameworks/MobileCoreServices.framework; sourceTree = SDKROOT; };
		340FC3261199B90600D16C6A /* MessageUI.framework */ = {isa = PBXFileReference; lastKnownFileType = wrapper.framework; name = MessageUI.framework; path = System/Library/Frameworks/MessageUI.framework; sourceTree = SDKROOT; };
		34404B31116FEAB400865DB8 /* QuartzCore.framework */ = {isa = PBXFileReference; lastKnownFileType = wrapper.framework; name = QuartzCore.framework; path = System/Library/Frameworks/QuartzCore.framework; sourceTree = SDKROOT; };
		34404B44116FEC6800865DB8 /* ScalingView.h */ = {isa = PBXFileReference; fileEncoding = 4; lastKnownFileType = sourcecode.c.h; path = ScalingView.h; sourceTree = "<group>"; };
		34404B45116FEC6800865DB8 /* ScalingView.m */ = {isa = PBXFileReference; fileEncoding = 4; lastKnownFileType = sourcecode.c.objc; path = ScalingView.m; sourceTree = "<group>"; };
		34915C74116FE3E4005EA90E /* Omni-Application-Common.xcconfig */ = {isa = PBXFileReference; fileEncoding = 4; lastKnownFileType = text.xcconfig; path = "Omni-Application-Common.xcconfig"; sourceTree = "<group>"; };
		34915C75116FE3E4005EA90E /* Omni-Application-Coverage.xcconfig */ = {isa = PBXFileReference; fileEncoding = 4; lastKnownFileType = text.xcconfig; path = "Omni-Application-Coverage.xcconfig"; sourceTree = "<group>"; };
		34915C76116FE3E4005EA90E /* Omni-Application-Debug.xcconfig */ = {isa = PBXFileReference; fileEncoding = 4; lastKnownFileType = text.xcconfig; path = "Omni-Application-Debug.xcconfig"; sourceTree = "<group>"; };
		34915C77116FE3E4005EA90E /* Omni-Application-Release.xcconfig */ = {isa = PBXFileReference; fileEncoding = 4; lastKnownFileType = text.xcconfig; path = "Omni-Application-Release.xcconfig"; sourceTree = "<group>"; };
		34915C78116FE3E4005EA90E /* Omni-Global-Common.xcconfig */ = {isa = PBXFileReference; fileEncoding = 4; lastKnownFileType = text.xcconfig; path = "Omni-Global-Common.xcconfig"; sourceTree = "<group>"; };
		34915C79116FE3E4005EA90E /* Omni-Global-Coverage.xcconfig */ = {isa = PBXFileReference; fileEncoding = 4; lastKnownFileType = text.xcconfig; path = "Omni-Global-Coverage.xcconfig"; sourceTree = "<group>"; };
		34915C7A116FE3E4005EA90E /* Omni-Global-Debug.xcconfig */ = {isa = PBXFileReference; fileEncoding = 4; lastKnownFileType = text.xcconfig; path = "Omni-Global-Debug.xcconfig"; sourceTree = "<group>"; };
		34915C7B116FE3E4005EA90E /* Omni-Global-Release.xcconfig */ = {isa = PBXFileReference; fileEncoding = 4; lastKnownFileType = text.xcconfig; path = "Omni-Global-Release.xcconfig"; sourceTree = "<group>"; };
		34ED740C1199B6C80023E017 /* Omni-Bundle-Common.xcconfig */ = {isa = PBXFileReference; fileEncoding = 4; lastKnownFileType = text.xcconfig; path = "Omni-Bundle-Common.xcconfig"; sourceTree = "<group>"; };
		34ED740D1199B6C80023E017 /* Omni-Bundle-Coverage.xcconfig */ = {isa = PBXFileReference; fileEncoding = 4; lastKnownFileType = text.xcconfig; path = "Omni-Bundle-Coverage.xcconfig"; sourceTree = "<group>"; };
		34ED740E1199B6C80023E017 /* Omni-Bundle-Debug.xcconfig */ = {isa = PBXFileReference; fileEncoding = 4; lastKnownFileType = text.xcconfig; path = "Omni-Bundle-Debug.xcconfig"; sourceTree = "<group>"; };
		34ED740F1199B6C80023E017 /* Omni-Bundle-Release.xcconfig */ = {isa = PBXFileReference; fileEncoding = 4; lastKnownFileType = text.xcconfig; path = "Omni-Bundle-Release.xcconfig"; sourceTree = "<group>"; };
		34ED74101199B6C80023E017 /* Omni-Framework-Common.xcconfig */ = {isa = PBXFileReference; fileEncoding = 4; lastKnownFileType = text.xcconfig; path = "Omni-Framework-Common.xcconfig"; sourceTree = "<group>"; };
		34ED74111199B6C80023E017 /* Omni-Framework-Coverage.xcconfig */ = {isa = PBXFileReference; fileEncoding = 4; lastKnownFileType = text.xcconfig; path = "Omni-Framework-Coverage.xcconfig"; sourceTree = "<group>"; };
		34ED74121199B6C80023E017 /* Omni-Framework-Debug.xcconfig */ = {isa = PBXFileReference; fileEncoding = 4; lastKnownFileType = text.xcconfig; path = "Omni-Framework-Debug.xcconfig"; sourceTree = "<group>"; };
		34ED74131199B6C80023E017 /* Omni-Framework-Release.xcconfig */ = {isa = PBXFileReference; fileEncoding = 4; lastKnownFileType = text.xcconfig; path = "Omni-Framework-Release.xcconfig"; sourceTree = "<group>"; };
		34ED74141199B6C80023E017 /* Omni-Library-Common.xcconfig */ = {isa = PBXFileReference; fileEncoding = 4; lastKnownFileType = text.xcconfig; path = "Omni-Library-Common.xcconfig"; sourceTree = "<group>"; };
		34ED74151199B6C80023E017 /* Omni-Library-Coverage.xcconfig */ = {isa = PBXFileReference; fileEncoding = 4; lastKnownFileType = text.xcconfig; path = "Omni-Library-Coverage.xcconfig"; sourceTree = "<group>"; };
		34ED74161199B6C80023E017 /* Omni-Library-Debug.xcconfig */ = {isa = PBXFileReference; fileEncoding = 4; lastKnownFileType = text.xcconfig; path = "Omni-Library-Debug.xcconfig"; sourceTree = "<group>"; };
		34ED74171199B6C80023E017 /* Omni-Library-Release.xcconfig */ = {isa = PBXFileReference; fileEncoding = 4; lastKnownFileType = text.xcconfig; path = "Omni-Library-Release.xcconfig"; sourceTree = "<group>"; };
		34ED74181199B6C80023E017 /* Omni-Tool-Common.xcconfig */ = {isa = PBXFileReference; fileEncoding = 4; lastKnownFileType = text.xcconfig; path = "Omni-Tool-Common.xcconfig"; sourceTree = "<group>"; };
		34ED74191199B6C80023E017 /* Omni-Tool-Coverage.xcconfig */ = {isa = PBXFileReference; fileEncoding = 4; lastKnownFileType = text.xcconfig; path = "Omni-Tool-Coverage.xcconfig"; sourceTree = "<group>"; };
		34ED741A1199B6C80023E017 /* Omni-Tool-Debug.xcconfig */ = {isa = PBXFileReference; fileEncoding = 4; lastKnownFileType = text.xcconfig; path = "Omni-Tool-Debug.xcconfig"; sourceTree = "<group>"; };
		34ED741B1199B6C80023E017 /* Omni-Tool-Release.xcconfig */ = {isa = PBXFileReference; fileEncoding = 4; lastKnownFileType = text.xcconfig; path = "Omni-Tool-Release.xcconfig"; sourceTree = "<group>"; };
		34ED741C1199B6C80023E017 /* Target-Mac-Common.xcconfig */ = {isa = PBXFileReference; fileEncoding = 4; lastKnownFileType = text.xcconfig; path = "Target-Mac-Common.xcconfig"; sourceTree = "<group>"; };
		34ED741D1199B6C80023E017 /* Target-Touch-Common.xcconfig */ = {isa = PBXFileReference; fileEncoding = 4; lastKnownFileType = text.xcconfig; path = "Target-Touch-Common.xcconfig"; sourceTree = "<group>"; };
		34ED741E1199B6C80023E017 /* Touch-Application-Common.xcconfig */ = {isa = PBXFileReference; fileEncoding = 4; lastKnownFileType = text.xcconfig; path = "Touch-Application-Common.xcconfig"; sourceTree = "<group>"; };
		34ED741F1199B6C80023E017 /* Touch-Application-Coverage.xcconfig */ = {isa = PBXFileReference; fileEncoding = 4; lastKnownFileType = text.xcconfig; path = "Touch-Application-Coverage.xcconfig"; sourceTree = "<group>"; };
		34ED74201199B6C80023E017 /* Touch-Application-Debug.xcconfig */ = {isa = PBXFileReference; fileEncoding = 4; lastKnownFileType = text.xcconfig; path = "Touch-Application-Debug.xcconfig"; sourceTree = "<group>"; };
		34ED74211199B6C80023E017 /* Touch-Application-Release.xcconfig */ = {isa = PBXFileReference; fileEncoding = 4; lastKnownFileType = text.xcconfig; path = "Touch-Application-Release.xcconfig"; sourceTree = "<group>"; };
		34ED74221199B6C80023E017 /* Touch-Library-Common.xcconfig */ = {isa = PBXFileReference; fileEncoding = 4; lastKnownFileType = text.xcconfig; path = "Touch-Library-Common.xcconfig"; sourceTree = "<group>"; };
		34ED74231199B6C80023E017 /* Touch-Library-Coverage.xcconfig */ = {isa = PBXFileReference; fileEncoding = 4; lastKnownFileType = text.xcconfig; path = "Touch-Library-Coverage.xcconfig"; sourceTree = "<group>"; };
		34ED74241199B6C80023E017 /* Touch-Library-Debug.xcconfig */ = {isa = PBXFileReference; fileEncoding = 4; lastKnownFileType = text.xcconfig; path = "Touch-Library-Debug.xcconfig"; sourceTree = "<group>"; };
		34ED74251199B6C80023E017 /* Touch-Library-Release.xcconfig */ = {isa = PBXFileReference; fileEncoding = 4; lastKnownFileType = text.xcconfig; path = "Touch-Library-Release.xcconfig"; sourceTree = "<group>"; };
		34ED742A1199B7110023E017 /* OmniBase.xcodeproj */ = {isa = PBXFileReference; lastKnownFileType = "wrapper.pb-project"; name = OmniBase.xcodeproj; path = Frameworks/OmniBase/OmniBase.xcodeproj; sourceTree = "<group>"; };
		34ED74391199B7240023E017 /* OmniFoundation.xcodeproj */ = {isa = PBXFileReference; lastKnownFileType = "wrapper.pb-project"; name = OmniFoundation.xcodeproj; path = Frameworks/OmniFoundation/OmniFoundation.xcodeproj; sourceTree = "<group>"; };
		34ED745B1199B72F0023E017 /* OmniQuartz.xcodeproj */ = {isa = PBXFileReference; lastKnownFileType = "wrapper.pb-project"; name = OmniQuartz.xcodeproj; path = Frameworks/OmniQuartz/OmniQuartz.xcodeproj; sourceTree = "<group>"; };
		34ED74671199B73C0023E017 /* OmniUI.xcodeproj */ = {isa = PBXFileReference; lastKnownFileType = "wrapper.pb-project"; name = OmniUI.xcodeproj; path = Frameworks/OmniUI/iPad/OmniUI.xcodeproj; sourceTree = "<group>"; };
		34ED74861199B8560023E017 /* OmniAppKit.xcodeproj */ = {isa = PBXFileReference; lastKnownFileType = "wrapper.pb-project"; name = OmniAppKit.xcodeproj; path = Frameworks/OmniAppKit/OmniAppKit.xcodeproj; sourceTree = "<group>"; };
		34ED74B21199B8AE0023E017 /* CoreText.framework */ = {isa = PBXFileReference; lastKnownFileType = wrapper.framework; name = CoreText.framework; path = System/Library/Frameworks/CoreText.framework; sourceTree = SDKROOT; };
		34ED74B51199B8B40023E017 /* libxml2.dylib */ = {isa = PBXFileReference; lastKnownFileType = "compiled.mach-o.dylib"; name = libxml2.dylib; path = usr/lib/libxml2.dylib; sourceTree = SDKROOT; };
		8D1107310486CEB800E47090 /* ScalingScrollView-Info.plist */ = {isa = PBXFileReference; fileEncoding = 4; lastKnownFileType = text.plist.xml; path = "ScalingScrollView-Info.plist"; plistStructureDefinitionIdentifier = "com.apple.xcode.plist.structure-definition.iphone.info-plist"; sourceTree = "<group>"; };
/* End PBXFileReference section */

/* Begin PBXFrameworksBuildPhase section */
		1D60588F0D05DD3D006BFB54 /* Frameworks */ = {
			isa = PBXFrameworksBuildPhase;
			buildActionMask = 2147483647;
			files = (
				1D60589F0D05DD5A006BFB54 /* Foundation.framework in Frameworks */,
				1DF5F4E00D08C38300B7A737 /* UIKit.framework in Frameworks */,
				288765A50DF7441C002DB57D /* CoreGraphics.framework in Frameworks */,
				34404B32116FEAB400865DB8 /* QuartzCore.framework in Frameworks */,
				34ED74AB1199B8960023E017 /* libOmniUI.a in Frameworks */,
				34ED74AC1199B8980023E017 /* libOmniAppKit.a in Frameworks */,
				34ED74AD1199B89B0023E017 /* libOmniQuartz.a in Frameworks */,
				34ED74AE1199B89E0023E017 /* libOmniFoundation.a in Frameworks */,
				34ED74AF1199B8A00023E017 /* libOmniBase.a in Frameworks */,
				34ED74B31199B8AE0023E017 /* CoreText.framework in Frameworks */,
				34ED74B61199B8B40023E017 /* libxml2.dylib in Frameworks */,
				340FC3221199B8FD00D16C6A /* libz.dylib in Frameworks */,
				340FC3241199B90100D16C6A /* MobileCoreServices.framework in Frameworks */,
				340FC3271199B90600D16C6A /* MessageUI.framework in Frameworks */,
			);
			runOnlyForDeploymentPostprocessing = 0;
		};
/* End PBXFrameworksBuildPhase section */

/* Begin PBXGroup section */
		080E96DDFE201D6D7F000001 /* Classes */ = {
			isa = PBXGroup;
			children = (
				1D3623240D0F684500981E51 /* ScalingScrollViewAppDelegate.h */,
				1D3623250D0F684500981E51 /* ScalingScrollViewAppDelegate.m */,
				28D7ACF60DDB3853001CB0EB /* ScalingScrollViewViewController.h */,
				28D7ACF70DDB3853001CB0EB /* ScalingScrollViewViewController.m */,
				34404B44116FEC6800865DB8 /* ScalingView.h */,
				34404B45116FEC6800865DB8 /* ScalingView.m */,
			);
			path = Classes;
			sourceTree = "<group>";
		};
		19C28FACFE9D520D11CA2CBB /* Products */ = {
			isa = PBXGroup;
			children = (
				1D6058910D05DD3D006BFB54 /* ScalingScrollView.app */,
			);
			name = Products;
			sourceTree = "<group>";
		};
		29B97314FDCFA39411CA2CEA /* CustomTemplate */ = {
			isa = PBXGroup;
			children = (
				34915982116FE1ED005EA90E /* OmniGroup */,
				080E96DDFE201D6D7F000001 /* Classes */,
				29B97315FDCFA39411CA2CEA /* Other Sources */,
				29B97317FDCFA39411CA2CEA /* Resources */,
				29B97323FDCFA39411CA2CEA /* Frameworks */,
				19C28FACFE9D520D11CA2CBB /* Products */,
			);
			name = CustomTemplate;
			sourceTree = "<group>";
		};
		29B97315FDCFA39411CA2CEA /* Other Sources */ = {
			isa = PBXGroup;
			children = (
				32CA4F630368D1EE00C91783 /* ScalingScrollView_Prefix.pch */,
				29B97316FDCFA39411CA2CEA /* main.m */,
			);
			name = "Other Sources";
			sourceTree = "<group>";
		};
		29B97317FDCFA39411CA2CEA /* Resources */ = {
			isa = PBXGroup;
			children = (
				2899E5210DE3E06400AC0155 /* ScalingScrollViewViewController.xib */,
				28AD733E0D9D9553002E5188 /* MainWindow.xib */,
				8D1107310486CEB800E47090 /* ScalingScrollView-Info.plist */,
			);
			name = Resources;
			sourceTree = "<group>";
		};
		29B97323FDCFA39411CA2CEA /* Frameworks */ = {
			isa = PBXGroup;
			children = (
				1DF5F4DF0D08C38300B7A737 /* UIKit.framework */,
				1D30AB110D05D00D00671497 /* Foundation.framework */,
				288765A40DF7441C002DB57D /* CoreGraphics.framework */,
				34404B31116FEAB400865DB8 /* QuartzCore.framework */,
				34ED74B21199B8AE0023E017 /* CoreText.framework */,
				340FC3231199B90100D16C6A /* MobileCoreServices.framework */,
				340FC3261199B90600D16C6A /* MessageUI.framework */,
				34ED74B51199B8B40023E017 /* libxml2.dylib */,
				340FC3211199B8FD00D16C6A /* libz.dylib */,
			);
			name = Frameworks;
			sourceTree = "<group>";
		};
		34915982116FE1ED005EA90E /* OmniGroup */ = {
			isa = PBXGroup;
			children = (
				34915C73116FE3E4005EA90E /* Configurations */,
				34ED74671199B73C0023E017 /* OmniUI.xcodeproj */,
				34ED74861199B8560023E017 /* OmniAppKit.xcodeproj */,
				34ED745B1199B72F0023E017 /* OmniQuartz.xcodeproj */,
				34ED74391199B7240023E017 /* OmniFoundation.xcodeproj */,
				34ED742A1199B7110023E017 /* OmniBase.xcodeproj */,
			);
			name = OmniGroup;
			path = ../../../../..;
			sourceTree = "<group>";
		};
		34915C73116FE3E4005EA90E /* Configurations */ = {
			isa = PBXGroup;
			children = (
				34915C74116FE3E4005EA90E /* Omni-Application-Common.xcconfig */,
				34915C75116FE3E4005EA90E /* Omni-Application-Coverage.xcconfig */,
				34915C76116FE3E4005EA90E /* Omni-Application-Debug.xcconfig */,
				34915C77116FE3E4005EA90E /* Omni-Application-Release.xcconfig */,
				34ED740C1199B6C80023E017 /* Omni-Bundle-Common.xcconfig */,
				34ED740D1199B6C80023E017 /* Omni-Bundle-Coverage.xcconfig */,
				34ED740E1199B6C80023E017 /* Omni-Bundle-Debug.xcconfig */,
				34ED740F1199B6C80023E017 /* Omni-Bundle-Release.xcconfig */,
				34ED74101199B6C80023E017 /* Omni-Framework-Common.xcconfig */,
				34ED74111199B6C80023E017 /* Omni-Framework-Coverage.xcconfig */,
				34ED74121199B6C80023E017 /* Omni-Framework-Debug.xcconfig */,
				34ED74131199B6C80023E017 /* Omni-Framework-Release.xcconfig */,
				34915C78116FE3E4005EA90E /* Omni-Global-Common.xcconfig */,
				34915C79116FE3E4005EA90E /* Omni-Global-Coverage.xcconfig */,
				34915C7A116FE3E4005EA90E /* Omni-Global-Debug.xcconfig */,
				34915C7B116FE3E4005EA90E /* Omni-Global-Release.xcconfig */,
				34ED74141199B6C80023E017 /* Omni-Library-Common.xcconfig */,
				34ED74151199B6C80023E017 /* Omni-Library-Coverage.xcconfig */,
				34ED74161199B6C80023E017 /* Omni-Library-Debug.xcconfig */,
				34ED74171199B6C80023E017 /* Omni-Library-Release.xcconfig */,
				34ED74181199B6C80023E017 /* Omni-Tool-Common.xcconfig */,
				34ED74191199B6C80023E017 /* Omni-Tool-Coverage.xcconfig */,
				34ED741A1199B6C80023E017 /* Omni-Tool-Debug.xcconfig */,
				34ED741B1199B6C80023E017 /* Omni-Tool-Release.xcconfig */,
				34ED741C1199B6C80023E017 /* Target-Mac-Common.xcconfig */,
				34ED741D1199B6C80023E017 /* Target-Touch-Common.xcconfig */,
				34ED741E1199B6C80023E017 /* Touch-Application-Common.xcconfig */,
				34ED741F1199B6C80023E017 /* Touch-Application-Coverage.xcconfig */,
				34ED74201199B6C80023E017 /* Touch-Application-Debug.xcconfig */,
				34ED74211199B6C80023E017 /* Touch-Application-Release.xcconfig */,
				34ED74221199B6C80023E017 /* Touch-Library-Common.xcconfig */,
				34ED74231199B6C80023E017 /* Touch-Library-Coverage.xcconfig */,
				34ED74241199B6C80023E017 /* Touch-Library-Debug.xcconfig */,
				34ED74251199B6C80023E017 /* Touch-Library-Release.xcconfig */,
			);
			path = Configurations;
			sourceTree = "<group>";
		};
		34ED742B1199B7110023E017 /* Products */ = {
			isa = PBXGroup;
			children = (
				34ED74341199B7110023E017 /* OmniBase.framework */,
				34ED74361199B7110023E017 /* libOmniBase.a */,
				34ED74381199B7110023E017 /* OBLoadBundle */,
			);
			name = Products;
			sourceTree = "<group>";
		};
		34ED743A1199B7240023E017 /* Products */ = {
			isa = PBXGroup;
			children = (
				34ED744A1199B7240023E017 /* OmniFoundation.framework */,
				34ED744C1199B7240023E017 /* libOmniFoundation.a */,
				34ED744E1199B7240023E017 /* OFUnitTests.octest */,
				34ED74501199B7240023E017 /* OFSimpleLockTest */,
				34ED74521199B7240023E017 /* OFDedicatedThreadSchedulerTest */,
				34ED74541199B7240023E017 /* OFClobberDetectionTest */,
				34ED74561199B7240023E017 /* OFMainThreadLockTest */,
				34ED74581199B7240023E017 /* OFCrashOnExceptionTest */,
				34ED745A1199B7240023E017 /* OFRandomRepeatTest */,
			);
			name = Products;
			sourceTree = "<group>";
		};
		34ED745C1199B72F0023E017 /* Products */ = {
			isa = PBXGroup;
			children = (
				34ED74641199B72F0023E017 /* OmniQuartz.framework */,
				34ED74661199B72F0023E017 /* libOmniQuartz.a */,
			);
			name = Products;
			sourceTree = "<group>";
		};
		34ED74681199B73C0023E017 /* Products */ = {
			isa = PBXGroup;
			children = (
				34ED746F1199B73C0023E017 /* libOmniUI.a */,
			);
			name = Products;
			sourceTree = "<group>";
		};
		34ED74871199B8560023E017 /* Products */ = {
			isa = PBXGroup;
			children = (
				34ED74931199B8570023E017 /* OmniAppKit.framework */,
				34ED74951199B8570023E017 /* OAUnitTests.octest */,
				34ED74971199B8570023E017 /* OAMakeImageSizeIntegral */,
				34ED74991199B8570023E017 /* OAPatternColorPicker.bundle */,
				34ED749B1199B8570023E017 /* libOmniAppKit.a */,
			);
			name = Products;
			sourceTree = "<group>";
		};
/* End PBXGroup section */

/* Begin PBXNativeTarget section */
		1D6058900D05DD3D006BFB54 /* ScalingScrollView */ = {
			isa = PBXNativeTarget;
			buildConfigurationList = 1D6058960D05DD3E006BFB54 /* Build configuration list for PBXNativeTarget "ScalingScrollView" */;
			buildPhases = (
				1D60588D0D05DD3D006BFB54 /* Resources */,
				34ED74761199B7A80023E017 /* Copy Library Resources */,
				1D60588E0D05DD3D006BFB54 /* Sources */,
				1D60588F0D05DD3D006BFB54 /* Frameworks */,
			);
			buildRules = (
			);
			dependencies = (
				34ED74831199B7FA0023E017 /* PBXTargetDependency */,
				34ED747F1199B7FA0023E017 /* PBXTargetDependency */,
				34ED749D1199B8630023E017 /* PBXTargetDependency */,
				34ED74811199B7FA0023E017 /* PBXTargetDependency */,
				34ED747D1199B7FA0023E017 /* PBXTargetDependency */,
			);
			name = ScalingScrollView;
			productName = ScalingScrollView;
			productReference = 1D6058910D05DD3D006BFB54 /* ScalingScrollView.app */;
			productType = "com.apple.product-type.application";
		};
/* End PBXNativeTarget section */

/* Begin PBXProject section */
		29B97313FDCFA39411CA2CEA /* Project object */ = {
			isa = PBXProject;
			buildConfigurationList = C01FCF4E08A954540054247B /* Build configuration list for PBXProject "ScalingScrollView" */;
			compatibilityVersion = "Xcode 3.2";
			hasScannedForEncodings = 1;
			mainGroup = 29B97314FDCFA39411CA2CEA /* CustomTemplate */;
			projectDirPath = "";
			projectReferences = (
				{
					ProductGroup = 34ED74871199B8560023E017 /* Products */;
					ProjectRef = 34ED74861199B8560023E017 /* OmniAppKit.xcodeproj */;
				},
				{
					ProductGroup = 34ED742B1199B7110023E017 /* Products */;
					ProjectRef = 34ED742A1199B7110023E017 /* OmniBase.xcodeproj */;
				},
				{
					ProductGroup = 34ED743A1199B7240023E017 /* Products */;
					ProjectRef = 34ED74391199B7240023E017 /* OmniFoundation.xcodeproj */;
				},
				{
					ProductGroup = 34ED745C1199B72F0023E017 /* Products */;
					ProjectRef = 34ED745B1199B72F0023E017 /* OmniQuartz.xcodeproj */;
				},
				{
					ProductGroup = 34ED74681199B73C0023E017 /* Products */;
					ProjectRef = 34ED74671199B73C0023E017 /* OmniUI.xcodeproj */;
				},
			);
			projectRoot = "";
			targets = (
				1D6058900D05DD3D006BFB54 /* ScalingScrollView */,
			);
		};
/* End PBXProject section */

/* Begin PBXReferenceProxy section */
		34ED74341199B7110023E017 /* OmniBase.framework */ = {
			isa = PBXReferenceProxy;
			fileType = wrapper.framework;
			path = OmniBase.framework;
			remoteRef = 34ED74331199B7110023E017 /* PBXContainerItemProxy */;
			sourceTree = BUILT_PRODUCTS_DIR;
		};
		34ED74361199B7110023E017 /* libOmniBase.a */ = {
			isa = PBXReferenceProxy;
			fileType = archive.ar;
			path = libOmniBase.a;
			remoteRef = 34ED74351199B7110023E017 /* PBXContainerItemProxy */;
			sourceTree = BUILT_PRODUCTS_DIR;
		};
		34ED74381199B7110023E017 /* OBLoadBundle */ = {
			isa = PBXReferenceProxy;
			fileType = "compiled.mach-o.executable";
			path = OBLoadBundle;
			remoteRef = 34ED74371199B7110023E017 /* PBXContainerItemProxy */;
			sourceTree = BUILT_PRODUCTS_DIR;
		};
		34ED744A1199B7240023E017 /* OmniFoundation.framework */ = {
			isa = PBXReferenceProxy;
			fileType = wrapper.framework;
			path = OmniFoundation.framework;
			remoteRef = 34ED74491199B7240023E017 /* PBXContainerItemProxy */;
			sourceTree = BUILT_PRODUCTS_DIR;
		};
		34ED744C1199B7240023E017 /* libOmniFoundation.a */ = {
			isa = PBXReferenceProxy;
			fileType = archive.ar;
			path = libOmniFoundation.a;
			remoteRef = 34ED744B1199B7240023E017 /* PBXContainerItemProxy */;
			sourceTree = BUILT_PRODUCTS_DIR;
		};
		34ED744E1199B7240023E017 /* OFUnitTests.octest */ = {
			isa = PBXReferenceProxy;
			fileType = wrapper.cfbundle;
			path = OFUnitTests.octest;
			remoteRef = 34ED744D1199B7240023E017 /* PBXContainerItemProxy */;
			sourceTree = BUILT_PRODUCTS_DIR;
		};
		34ED74501199B7240023E017 /* OFSimpleLockTest */ = {
			isa = PBXReferenceProxy;
			fileType = "compiled.mach-o.executable";
			path = OFSimpleLockTest;
			remoteRef = 34ED744F1199B7240023E017 /* PBXContainerItemProxy */;
			sourceTree = BUILT_PRODUCTS_DIR;
		};
		34ED74521199B7240023E017 /* OFDedicatedThreadSchedulerTest */ = {
			isa = PBXReferenceProxy;
			fileType = "compiled.mach-o.executable";
			path = OFDedicatedThreadSchedulerTest;
			remoteRef = 34ED74511199B7240023E017 /* PBXContainerItemProxy */;
			sourceTree = BUILT_PRODUCTS_DIR;
		};
		34ED74541199B7240023E017 /* OFClobberDetectionTest */ = {
			isa = PBXReferenceProxy;
			fileType = "compiled.mach-o.executable";
			path = OFClobberDetectionTest;
			remoteRef = 34ED74531199B7240023E017 /* PBXContainerItemProxy */;
			sourceTree = BUILT_PRODUCTS_DIR;
		};
		34ED74561199B7240023E017 /* OFMainThreadLockTest */ = {
			isa = PBXReferenceProxy;
			fileType = "compiled.mach-o.executable";
			path = OFMainThreadLockTest;
			remoteRef = 34ED74551199B7240023E017 /* PBXContainerItemProxy */;
			sourceTree = BUILT_PRODUCTS_DIR;
		};
		34ED74581199B7240023E017 /* OFCrashOnExceptionTest */ = {
			isa = PBXReferenceProxy;
			fileType = "compiled.mach-o.executable";
			path = OFCrashOnExceptionTest;
			remoteRef = 34ED74571199B7240023E017 /* PBXContainerItemProxy */;
			sourceTree = BUILT_PRODUCTS_DIR;
		};
		34ED745A1199B7240023E017 /* OFRandomRepeatTest */ = {
			isa = PBXReferenceProxy;
			fileType = "compiled.mach-o.executable";
			path = OFRandomRepeatTest;
			remoteRef = 34ED74591199B7240023E017 /* PBXContainerItemProxy */;
			sourceTree = BUILT_PRODUCTS_DIR;
		};
		34ED74641199B72F0023E017 /* OmniQuartz.framework */ = {
			isa = PBXReferenceProxy;
			fileType = wrapper.framework;
			path = OmniQuartz.framework;
			remoteRef = 34ED74631199B72F0023E017 /* PBXContainerItemProxy */;
			sourceTree = BUILT_PRODUCTS_DIR;
		};
		34ED74661199B72F0023E017 /* libOmniQuartz.a */ = {
			isa = PBXReferenceProxy;
			fileType = archive.ar;
			path = libOmniQuartz.a;
			remoteRef = 34ED74651199B72F0023E017 /* PBXContainerItemProxy */;
			sourceTree = BUILT_PRODUCTS_DIR;
		};
		34ED746F1199B73C0023E017 /* libOmniUI.a */ = {
			isa = PBXReferenceProxy;
			fileType = archive.ar;
			path = libOmniUI.a;
			remoteRef = 34ED746E1199B73C0023E017 /* PBXContainerItemProxy */;
			sourceTree = BUILT_PRODUCTS_DIR;
		};
		34ED74931199B8570023E017 /* OmniAppKit.framework */ = {
			isa = PBXReferenceProxy;
			fileType = wrapper.framework;
			path = OmniAppKit.framework;
			remoteRef = 34ED74921199B8570023E017 /* PBXContainerItemProxy */;
			sourceTree = BUILT_PRODUCTS_DIR;
		};
		34ED74951199B8570023E017 /* OAUnitTests.octest */ = {
			isa = PBXReferenceProxy;
			fileType = wrapper.cfbundle;
			path = OAUnitTests.octest;
			remoteRef = 34ED74941199B8570023E017 /* PBXContainerItemProxy */;
			sourceTree = BUILT_PRODUCTS_DIR;
		};
		34ED74971199B8570023E017 /* OAMakeImageSizeIntegral */ = {
			isa = PBXReferenceProxy;
			fileType = "compiled.mach-o.executable";
			path = OAMakeImageSizeIntegral;
			remoteRef = 34ED74961199B8570023E017 /* PBXContainerItemProxy */;
			sourceTree = BUILT_PRODUCTS_DIR;
		};
		34ED74991199B8570023E017 /* OAPatternColorPicker.bundle */ = {
			isa = PBXReferenceProxy;
			fileType = wrapper.cfbundle;
			path = OAPatternColorPicker.bundle;
			remoteRef = 34ED74981199B8570023E017 /* PBXContainerItemProxy */;
			sourceTree = BUILT_PRODUCTS_DIR;
		};
		34ED749B1199B8570023E017 /* libOmniAppKit.a */ = {
			isa = PBXReferenceProxy;
			fileType = archive.ar;
			path = libOmniAppKit.a;
			remoteRef = 34ED749A1199B8570023E017 /* PBXContainerItemProxy */;
			sourceTree = BUILT_PRODUCTS_DIR;
		};
/* End PBXReferenceProxy section */

/* Begin PBXResourcesBuildPhase section */
		1D60588D0D05DD3D006BFB54 /* Resources */ = {
			isa = PBXResourcesBuildPhase;
			buildActionMask = 2147483647;
			files = (
				28AD733F0D9D9553002E5188 /* MainWindow.xib in Resources */,
				2899E5220DE3E06400AC0155 /* ScalingScrollViewViewController.xib in Resources */,
			);
			runOnlyForDeploymentPostprocessing = 0;
		};
/* End PBXResourcesBuildPhase section */

/* Begin PBXShellScriptBuildPhase section */
		34ED74761199B7A80023E017 /* Copy Library Resources */ = {
			isa = PBXShellScriptBuildPhase;
			buildActionMask = 2147483647;
			files = (
			);
			inputPaths = (
			);
			name = "Copy Library Resources";
			outputPaths = (
			);
			runOnlyForDeploymentPostprocessing = 0;
			shellPath = /bin/sh;
			shellScript = "../../../../../Scripts/CopyLibraryResources\t";
			showEnvVarsInLog = 0;
		};
/* End PBXShellScriptBuildPhase section */

/* Begin PBXSourcesBuildPhase section */
		1D60588E0D05DD3D006BFB54 /* Sources */ = {
			isa = PBXSourcesBuildPhase;
			buildActionMask = 2147483647;
			files = (
				1D60589B0D05DD56006BFB54 /* main.m in Sources */,
				1D3623260D0F684500981E51 /* ScalingScrollViewAppDelegate.m in Sources */,
				28D7ACF80DDB3853001CB0EB /* ScalingScrollViewViewController.m in Sources */,
				34404B46116FEC6800865DB8 /* ScalingView.m in Sources */,
			);
			runOnlyForDeploymentPostprocessing = 0;
		};
/* End PBXSourcesBuildPhase section */

/* Begin PBXTargetDependency section */
		34ED747D1199B7FA0023E017 /* PBXTargetDependency */ = {
			isa = PBXTargetDependency;
			name = OmniUITouch;
			targetProxy = 34ED747C1199B7FA0023E017 /* PBXContainerItemProxy */;
		};
		34ED747F1199B7FA0023E017 /* PBXTargetDependency */ = {
			isa = PBXTargetDependency;
			name = OmniFoundationTouch;
			targetProxy = 34ED747E1199B7FA0023E017 /* PBXContainerItemProxy */;
		};
		34ED74811199B7FA0023E017 /* PBXTargetDependency */ = {
			isa = PBXTargetDependency;
			name = OmniQuartzTouch;
			targetProxy = 34ED74801199B7FA0023E017 /* PBXContainerItemProxy */;
		};
		34ED74831199B7FA0023E017 /* PBXTargetDependency */ = {
			isa = PBXTargetDependency;
			name = OmniBaseTouch;
			targetProxy = 34ED74821199B7FA0023E017 /* PBXContainerItemProxy */;
		};
		34ED749D1199B8630023E017 /* PBXTargetDependency */ = {
			isa = PBXTargetDependency;
			name = OmniAppKitTouch;
			targetProxy = 34ED749C1199B8630023E017 /* PBXContainerItemProxy */;
		};
/* End PBXTargetDependency section */

/* Begin XCBuildConfiguration section */
		1D6058940D05DD3E006BFB54 /* Debug */ = {
			isa = XCBuildConfiguration;
			baseConfigurationReference = 34ED74201199B6C80023E017 /* Touch-Application-Debug.xcconfig */;
			buildSettings = {
				GCC_PREFIX_HEADER = ScalingScrollView_Prefix.pch;
				HEADER_SEARCH_PATHS = (
					$PROJECT_DERIVED_FILE_DIR,
					$SDKROOT/usr/include/libxml2,
					$DERIVED_SOURCES_DIR/FrameworkHeaders,
				);
				INFOPLIST_FILE = "ScalingScrollView-Info.plist";
				OMNI_BUNDLE_IDENTIFIER = com.omnigroup.OmniUI.ScalingScrollView;
				PRODUCT_NAME = ScalingScrollView;
				TARGETED_DEVICE_FAMILY = 2;
			};
			name = Debug;
		};
		1D6058950D05DD3E006BFB54 /* Release */ = {
			isa = XCBuildConfiguration;
			baseConfigurationReference = 34ED74211199B6C80023E017 /* Touch-Application-Release.xcconfig */;
			buildSettings = {
				GCC_PREFIX_HEADER = ScalingScrollView_Prefix.pch;
				INFOPLIST_FILE = "ScalingScrollView-Info.plist";
				OMNI_BUNDLE_IDENTIFIER = com.omnigroup.OmniUI.ScalingScrollView;
				PRODUCT_NAME = ScalingScrollView;
				TARGETED_DEVICE_FAMILY = 2;
			};
			name = Release;
		};
		C01FCF4F08A954540054247B /* Debug */ = {
			isa = XCBuildConfiguration;
			baseConfigurationReference = 34915C7A116FE3E4005EA90E /* Omni-Global-Debug.xcconfig */;
			buildSettings = {
				CODE_SIGN_IDENTITY = "";
				"CODE_SIGN_IDENTITY[sdk=iphoneos*]" = "iPhone Developer";
			};
			name = Debug;
		};
		C01FCF5008A954540054247B /* Release */ = {
			isa = XCBuildConfiguration;
			baseConfigurationReference = 34915C7B116FE3E4005EA90E /* Omni-Global-Release.xcconfig */;
			buildSettings = {
				CODE_SIGN_IDENTITY = "";
				"CODE_SIGN_IDENTITY[sdk=iphoneos*]" = "iPhone Developer";
			};
			name = Release;
		};
/* End XCBuildConfiguration section */

/* Begin XCConfigurationList section */
		1D6058960D05DD3E006BFB54 /* Build configuration list for PBXNativeTarget "ScalingScrollView" */ = {
			isa = XCConfigurationList;
			buildConfigurations = (
				1D6058940D05DD3E006BFB54 /* Debug */,
				1D6058950D05DD3E006BFB54 /* Release */,
			);
			defaultConfigurationIsVisible = 0;
			defaultConfigurationName = Release;
		};
		C01FCF4E08A954540054247B /* Build configuration list for PBXProject "ScalingScrollView" */ = {
			isa = XCConfigurationList;
			buildConfigurations = (
				C01FCF4F08A954540054247B /* Debug */,
				C01FCF5008A954540054247B /* Release */,
			);
			defaultConfigurationIsVisible = 0;
			defaultConfigurationName = Release;
		};
/* End XCConfigurationList section */
	};
	rootObject = 29B97313FDCFA39411CA2CEA /* Project object */;
}
