<?xml version="1.0" encoding="UTF-8"?>
<Scheme
   LastUpgradeVersion = "0800"
   version = "1.3">
   <BuildAction
      parallelizeBuildables = "YES"
      buildImplicitDependencies = "YES">
      <BuildActionEntries>
         <BuildActionEntry
            buildForTesting = "YES"
            buildForRunning = "YES"
            buildForProfiling = "YES"
            buildForArchiving = "YES"
            buildForAnalyzing = "YES">
            <BuildableReference
               BuildableIdentifier = "primary"
               BlueprintIdentifier = "34824AF81742E55600253D52"
               BuildableName = "OFXAuthTest"
               BlueprintName = "OFXAuthTest"
               ReferencedContainer = "container:OmniFileExchange.xcodeproj">
            </BuildableReference>
         </BuildActionEntry>
      </BuildActionEntries>
   </BuildAction>
   <TestAction
      buildConfiguration = "Debug"
      selectedDebuggerIdentifier = "Xcode.DebuggerFoundation.Debugger.LLDB"
      selectedLauncherIdentifier = "Xcode.DebuggerFoundation.Launcher.LLDB"
      shouldUseLaunchSchemeArgsEnv = "YES">
      <Testables>
      </Testables>
      <MacroExpansion>
         <BuildableReference
            BuildableIdentifier = "primary"
            BlueprintIdentifier = "34824AF81742E55600253D52"
            BuildableName = "OFXAuthTest"
            BlueprintName = "OFXAuthTest"
            ReferencedContainer = "container:OmniFileExchange.xcodeproj">
         </BuildableReference>
      </MacroExpansion>
      <AdditionalOptions>
      </AdditionalOptions>
   </TestAction>
   <LaunchAction
      buildConfiguration = "Debug"
      selectedDebuggerIdentifier = "Xcode.DebuggerFoundation.Debugger.LLDB"
      selectedLauncherIdentifier = "Xcode.DebuggerFoundation.Launcher.LLDB"
      launchStyle = "0"
      useCustomWorkingDirectory = "NO"
      ignoresPersistentStateOnLaunch = "NO"
      debugDocumentVersioning = "YES"
      debugServiceExtension = "internal"
      allowLocationSimulation = "YES">
      <BuildableProductRunnable
         runnableDebuggingMode = "0">
         <BuildableReference
            BuildableIdentifier = "primary"
            BlueprintIdentifier = "34824AF81742E55600253D52"
            BuildableName = "OFXAuthTest"
            BlueprintName = "OFXAuthTest"
            ReferencedContainer = "container:OmniFileExchange.xcodeproj">
         </BuildableReference>
      </BuildableProductRunnable>
      <CommandLineArguments>
         <CommandLineArgument
            argument = "init"
            isEnabled = "NO">
         </CommandLineArgument>
         <CommandLineArgument
            argument = "run"
            isEnabled = "YES">
         </CommandLineArgument>
      </CommandLineArguments>
      <EnvironmentVariables>
         <EnvironmentVariable
            key = "OFXTestsRunning"
            value = "1"
            isEnabled = "NO">
         </EnvironmentVariable>
         <EnvironmentVariable
            key = "NSZombieEnabled"
            value = "YES"
            isEnabled = "NO">
         </EnvironmentVariable>
         <EnvironmentVariable
            key = "NSDeallocateZombies"
            value = "NO"
            isEnabled = "NO">
         </EnvironmentVariable>
         <EnvironmentVariable
            key = "OFNetStateRegistrationDebug"
            value = "1"
            isEnabled = "NO">
         </EnvironmentVariable>
         <EnvironmentVariable
            key = "OFNetStateNotifierDebug"
            value = "1"
            isEnabled = "NO">
         </EnvironmentVariable>
         <EnvironmentVariable
            key = "OFSFileManagerDebug"
            value = "1"
            isEnabled = "NO">
         </EnvironmentVariable>
         <EnvironmentVariable
            key = "OFSAccountRemoteBaseURL"
            value = "https://crispy.local:8001/"
            isEnabled = "NO">
         </EnvironmentVariable>
         <EnvironmentVariable
            key = "OFSAccountUsername"
            value = "test"
            isEnabled = "NO">
         </EnvironmentVariable>
         <EnvironmentVariable
            key = "OFSAccountPassword"
            value = "password"
            isEnabled = "NO">
         </EnvironmentVariable>
         <EnvironmentVariable
            key = "OFXAgentSyncInterval"
            value = "5"
            isEnabled = "YES">
         </EnvironmentVariable>
         <EnvironmentVariable
            key = "OFXAccountInfoDebug"
            value = "1"
            isEnabled = "NO">
         </EnvironmentVariable>
         <EnvironmentVariable
            key = "OFXAccountInfoClientWriteInterval"
            value = "10"
            isEnabled = "NO">
         </EnvironmentVariable>
         <EnvironmentVariable
            key = "OFXAccountInfoClientStaleInterval"
            value = "15"
            isEnabled = "NO">
         </EnvironmentVariable>
         <EnvironmentVariable
            key = "OFXSyncDebug"
            value = "1"
            isEnabled = "NO">
         </EnvironmentVariable>
         <EnvironmentVariable
            key = "OFXScanDebug"
            value = "1"
            isEnabled = "NO">
         </EnvironmentVariable>
         <EnvironmentVariable
            key = "OFXMetadataDebug"
            value = "1"
            isEnabled = "NO">
         </EnvironmentVariable>
         <EnvironmentVariable
            key = "OFXTransferDebug"
            value = "1"
            isEnabled = "NO">
         </EnvironmentVariable>
         <EnvironmentVariable
            key = "OFXConflictDebug"
            value = "1"
            isEnabled = "NO">
         </EnvironmentVariable>
         <EnvironmentVariable
            key = "OFXLocalRelativePathDebug"
            value = "10"
            isEnabled = "NO">
         </EnvironmentVariable>
         <EnvironmentVariable
            key = "OFXContentDebug"
            value = "1"
            isEnabled = "NO">
         </EnvironmentVariable>
         <EnvironmentVariable
            key = "OFXSnapshotDebug"
            value = "1"
            isEnabled = "NO">
         </EnvironmentVariable>
         <EnvironmentVariable
            key = "OFSPackageDebug"
            value = "1"
            isEnabled = "NO">
         </EnvironmentVariable>
      </EnvironmentVariables>
      <AdditionalOptions>
      </AdditionalOptions>
   </LaunchAction>
   <ProfileAction
      buildConfiguration = "Release"
      shouldUseLaunchSchemeArgsEnv = "YES"
      savedToolIdentifier = ""
      useCustomWorkingDirectory = "NO"
      debugDocumentVersioning = "YES">
      <BuildableProductRunnable
         runnableDebuggingMode = "0">
         <BuildableReference
            BuildableIdentifier = "primary"
            BlueprintIdentifier = "34824AF81742E55600253D52"
            BuildableName = "OFXAuthTest"
            BlueprintName = "OFXAuthTest"
            ReferencedContainer = "container:OmniFileExchange.xcodeproj">
         </BuildableReference>
      </BuildableProductRunnable>
   </ProfileAction>
   <AnalyzeAction
      buildConfiguration = "Debug">
   </AnalyzeAction>
   <ArchiveAction
      buildConfiguration = "Release"
      revealArchiveInOrganizer = "YES">
   </ArchiveAction>
</Scheme>
