{
	archiveVersion = 1;
	classes = {
	};
	objectVersion = 30;
	objects = {
		06F694ADFFA4D312CD999A53 = {
			isa = PBXProject;
			mainGroup = 06F694AEFFA4D312CD999A53;
			productRefGroup = 06F694B9FFA4D312CD999A53;
			projectDirPath = .;
			targets = (
				06F694BBFFA4D312CD999A53,
			);
		};
		06F694AEFFA4D312CD999A53 = {
			children = (
				06F694B0FFA4D312CD999A53,
				06F694B5FFA4D312CD999A53,
				06F694B9FFA4D312CD999A53,
			);
			isa = PBXGroup;
			name = Base64String;
			refType = 4;
		};
		06F694B0FFA4D312CD999A53 = {
			isa = PBXFileReference;
			path = Base64String_main.m;
			refType = 4;
		};
		06F694B5FFA4D312CD999A53 = {
			children = (
				06F694B6FFA4D312CD999A53,
				06F694B7FFA4D312CD999A53,
			);
			isa = PBXGroup;
			name = "External Frameworks and Libraries";
			refType = 4;
		};
		06F694B6FFA4D312CD999A53 = {
			isa = PBXFrameworkReference;
			name = Foundation.framework;
			path = /System/Library/Frameworks/Foundation.framework;
			refType = 0;
		};
		06F694B7FFA4D312CD999A53 = {
			isa = PBXFrameworkReference;
			name = OmniFoundation.framework;
			path = /System/Library/Frameworks/OmniFoundation.framework;
			refType = 0;
		};
		06F694B9FFA4D312CD999A53 = {
			children = (
				06F694BAFFA4D312CD999A53,
			);
			isa = PBXGroup;
			name = Products;
			refType = 4;
		};
		06F694BAFFA4D312CD999A53 = {
			isa = PBXExecutableFileReference;
			path = Base64String;
			refType = 3;
		};
		06F694BBFFA4D312CD999A53 = {
			buildPhases = (
				06F694BCFFA4D312CD999A53,
				06F694BDFFA4D312CD999A53,
				06F694BFFFA4D312CD999A53,
				06F694C2FFA4D312CD999A53,
			);
			buildSettings = {
				FRAMEWORK_SEARCH_PATHS = "\"$(OMNI_FRAMEWORKS)\"";
				OPTIMIZATION_CFLAGS = "";
				OTHER_CFLAGS = "-Wall -O2";
				OTHER_LDFLAGS = "";
				OTHER_REZFLAGS = "";
				REZ_EXECUTABLE = YES;
				SECTORDER_FLAGS = "";
				WARNING_CFLAGS = "-Wmost -Wno-four-char-constants -Wno-unknown-pragmas";
			};
			conditionalBuildSettings = {
			};
			dependencies = (
			);
			isa = PBXToolTarget;
			name = "Base64String (Tool)";
			productInstallPath = /usr/local/bin;
			productName = Base64String;
			productReference = 06F694BAFFA4D312CD999A53;
			shouldUseHeadermap = 0;
		};
		06F694BCFFA4D312CD999A53 = {
			buildActionMask = 2147483647;
			files = (
			);
			isa = PBXHeadersBuildPhase;
			name = Headers;
		};
		06F694BDFFA4D312CD999A53 = {
			buildActionMask = 2147483647;
			files = (
				06F694BEFFA4D312CD999A53,
			);
			isa = PBXSourcesBuildPhase;
			name = Sources;
		};
		06F694BEFFA4D312CD999A53 = {
			fileRef = 06F694B0FFA4D312CD999A53;
			isa = PBXBuildFile;
			settings = {
				ATTRIBUTES = (
					Debug,
				);
				INCLUDED_OSS = (
					MACOS,
					WINDOWS,
					PDOUNIX,
				);
			};
		};
		06F694BFFFA4D312CD999A53 = {
			buildActionMask = 2147483647;
			files = (
				06F694C0FFA4D312CD999A53,
				06F694C1FFA4D312CD999A53,
			);
			isa = PBXFrameworksBuildPhase;
			name = "Frameworks & Libraries";
		};
		06F694C0FFA4D312CD999A53 = {
			fileRef = 06F694B6FFA4D312CD999A53;
			isa = PBXBuildFile;
			settings = {
				INCLUDED_OSS = (
					MACOS,
					WINDOWS,
					PDOUNIX,
				);
			};
		};
		06F694C1FFA4D312CD999A53 = {
			fileRef = 06F694B7FFA4D312CD999A53;
			isa = PBXBuildFile;
			settings = {
				INCLUDED_OSS = (
					MACOS,
					WINDOWS,
					PDOUNIX,
				);
			};
		};
		06F694C2FFA4D312CD999A53 = {
			buildActionMask = 2147483647;
			files = (
			);
			isa = PBXRezBuildPhase;
			name = "ResourceManager Resources";
		};
	};
	rootObject = 06F694ADFFA4D312CD999A53;
}
